
Microsoft Visual Studio Solution File, Format Version 12.00
# Visual Studio Version 16
VisualStudioVersion = 16.0.31605.320
MinimumVisualStudioVersion = 10.0.40219.1
Project("{8BC9CEB8-8B4A-11D0-8D11-00A0C91BC942}") = "vrEmuTms9918", "vrEmuTms9918\vrEmuTms9918.vcxproj", "{746E1094-4D58-41A9-8FE1-D84879291140}"
EndProject
Global
	GlobalSection(SolutionConfigurationPlatforms) = preSolution
		Debug|x64 = Debug|x64
		Release|x64 = Release|x64
	EndGlobalSection
	GlobalSection(ProjectConfigurationPlatforms) = postSolution
		{746E1094-4D58-41A9-8FE1-D84879291140}.Debug|x64.ActiveCfg = Debug|x64
		{746E1094-4D58-41A9-8FE1-D84879291140}.Debug|x64.Build.0 = Debug|x64
		{746E1094-4D58-41A9-8FE1-D84879291140}.Release|x64.ActiveCfg = Release|x64
		{746E1094-4D58-41A9-8FE1-D84879291140}.Release|x64.Build.0 = Release|x64
	EndGlobalSection
	GlobalSection(SolutionProperties) = preSolution
		HideSolutionNode = FALSE
	EndGlobalSection
	GlobalSection(ExtensibilityGlobals) = postSolution
		SolutionGuid = {291680CD-6143-40B4-9CCD-F27E4CCF68F3}
	EndGlobalSection
EndGlobal
